
Microsoft Visual Studio Solution File, Format Version 12.00
# Visual Studio Version 17
VisualStudioVersion = 17.4.33213.308
MinimumVisualStudioVersion = 10.0.40219.1
Project("{FAE04EC0-301F-11D3-BF4B-00C04F79EFBC}") = "Bank-1.0", "Bank-1.0\Bank-1.0.csproj", "{FF342BE2-9D84-4634-9333-2F5F630950A2}"
EndProject
Project("{FAE04EC0-301F-11D3-BF4B-00C04F79EFBC}") = "ClassLibrary1", "ClassLibrary1\ClassLibrary1.csproj", "{0A2BE9C3-F291-4A55-A417-42C5BA280CFF}"
EndProject
Global
	GlobalSection(SolutionConfigurationPlatforms) = preSolution
		Debug|Any CPU = Debug|Any CPU
		Release|Any CPU = Release|Any CPU
	EndGlobalSection
	GlobalSection(ProjectConfigurationPlatforms) = postSolution
		{FF342BE2-9D84-4634-9333-2F5F630950A2}.Debug|Any CPU.ActiveCfg = Debug|Any CPU
		{FF342BE2-9D84-4634-9333-2F5F630950A2}.Debug|Any CPU.Build.0 = Debug|Any CPU
		{FF342BE2-9D84-4634-9333-2F5F630950A2}.Release|Any CPU.ActiveCfg = Release|Any CPU
		{FF342BE2-9D84-4634-9333-2F5F630950A2}.Release|Any CPU.Build.0 = Release|Any CPU
		{0A2BE9C3-F291-4A55-A417-42C5BA280CFF}.Debug|Any CPU.ActiveCfg = Debug|Any CPU
		{0A2BE9C3-F291-4A55-A417-42C5BA280CFF}.Debug|Any CPU.Build.0 = Debug|Any CPU
		{0A2BE9C3-F291-4A55-A417-42C5BA280CFF}.Release|Any CPU.ActiveCfg = Release|Any CPU
		{0A2BE9C3-F291-4A55-A417-42C5BA280CFF}.Release|Any CPU.Build.0 = Release|Any CPU
	EndGlobalSection
	GlobalSection(SolutionProperties) = preSolution
		HideSolutionNode = FALSE
	EndGlobalSection
	GlobalSection(ExtensibilityGlobals) = postSolution
		SolutionGuid = {333994E8-90B0-4EB6-9200-3A9F693F392A}
	EndGlobalSection
EndGlobal
